
Microsoft Visual Studio Solution File, Format Version 12.00
# Visual Studio Version 17
Project("{8BC9CEB8-8B4A-11D0-8D11-00A0C91BC942}") = "ALL_BUILD", "ALL_BUILD.vcxproj", "{D42EBCD1-C544-3973-A046-8E43D78C812D}"
	ProjectSection(ProjectDependencies) = postProject
		{688BF9DE-5871-39FD-A46A-9517D91AD171} = {688BF9DE-5871-39FD-A46A-9517D91AD171}
		{C0707212-389D-3DEE-A0D6-94E56E153FCB} = {C0707212-389D-3DEE-A0D6-94E56E153FCB}
	EndProjectSection
EndProject
Project("{8BC9CEB8-8B4A-11D0-8D11-00A0C91BC942}") = "INSTALL", "INSTALL.vcxproj", "{CE611BEC-27B9-3C7F-AC34-254E0566DC54}"
	ProjectSection(ProjectDependencies) = postProject
		{D42EBCD1-C544-3973-A046-8E43D78C812D} = {D42EBCD1-C544-3973-A046-8E43D78C812D}
		{688BF9DE-5871-39FD-A46A-9517D91AD171} = {688BF9DE-5871-39FD-A46A-9517D91AD171}
	EndProjectSection
EndProject
Project("{8BC9CEB8-8B4A-11D0-8D11-00A0C91BC942}") = "ZERO_CHECK", "..\..\\ZERO_CHECK.vcxproj", "{688BF9DE-5871-39FD-A46A-9517D91AD171}"
	ProjectSection(ProjectDependencies) = postProject
	EndProjectSection
EndProject
Project("{8BC9CEB8-8B4A-11D0-8D11-00A0C91BC942}") = "zlibstatic", "zlibstatic.vcxproj", "{C0707212-389D-3DEE-A0D6-94E56E153FCB}"
	ProjectSection(ProjectDependencies) = postProject
		{688BF9DE-5871-39FD-A46A-9517D91AD171} = {688BF9DE-5871-39FD-A46A-9517D91AD171}
	EndProjectSection
EndProject
Global
	GlobalSection(SolutionConfigurationPlatforms) = preSolution
		Debug|x64 = Debug|x64
		Release|x64 = Release|x64
		MinSizeRel|x64 = MinSizeRel|x64
		RelWithDebInfo|x64 = RelWithDebInfo|x64
	EndGlobalSection
	GlobalSection(ProjectConfigurationPlatforms) = postSolution
		{D42EBCD1-C544-3973-A046-8E43D78C812D}.Debug|x64.ActiveCfg = Debug|x64
		{D42EBCD1-C544-3973-A046-8E43D78C812D}.Debug|x64.Build.0 = Debug|x64
		{D42EBCD1-C544-3973-A046-8E43D78C812D}.Release|x64.ActiveCfg = Release|x64
		{D42EBCD1-C544-3973-A046-8E43D78C812D}.Release|x64.Build.0 = Release|x64
		{D42EBCD1-C544-3973-A046-8E43D78C812D}.MinSizeRel|x64.ActiveCfg = MinSizeRel|x64
		{D42EBCD1-C544-3973-A046-8E43D78C812D}.MinSizeRel|x64.Build.0 = MinSizeRel|x64
		{D42EBCD1-C544-3973-A046-8E43D78C812D}.RelWithDebInfo|x64.ActiveCfg = RelWithDebInfo|x64
		{D42EBCD1-C544-3973-A046-8E43D78C812D}.RelWithDebInfo|x64.Build.0 = RelWithDebInfo|x64
		{CE611BEC-27B9-3C7F-AC34-254E0566DC54}.Debug|x64.ActiveCfg = Debug|x64
		{CE611BEC-27B9-3C7F-AC34-254E0566DC54}.Release|x64.ActiveCfg = Release|x64
		{CE611BEC-27B9-3C7F-AC34-254E0566DC54}.MinSizeRel|x64.ActiveCfg = MinSizeRel|x64
		{CE611BEC-27B9-3C7F-AC34-254E0566DC54}.RelWithDebInfo|x64.ActiveCfg = RelWithDebInfo|x64
		{688BF9DE-5871-39FD-A46A-9517D91AD171}.Debug|x64.ActiveCfg = Debug|x64
		{688BF9DE-5871-39FD-A46A-9517D91AD171}.Debug|x64.Build.0 = Debug|x64
		{688BF9DE-5871-39FD-A46A-9517D91AD171}.Release|x64.ActiveCfg = Release|x64
		{688BF9DE-5871-39FD-A46A-9517D91AD171}.Release|x64.Build.0 = Release|x64
		{688BF9DE-5871-39FD-A46A-9517D91AD171}.MinSizeRel|x64.ActiveCfg = MinSizeRel|x64
		{688BF9DE-5871-39FD-A46A-9517D91AD171}.MinSizeRel|x64.Build.0 = MinSizeRel|x64
		{688BF9DE-5871-39FD-A46A-9517D91AD171}.RelWithDebInfo|x64.ActiveCfg = RelWithDebInfo|x64
		{688BF9DE-5871-39FD-A46A-9517D91AD171}.RelWithDebInfo|x64.Build.0 = RelWithDebInfo|x64
		{C0707212-389D-3DEE-A0D6-94E56E153FCB}.Debug|x64.ActiveCfg = Debug|x64
		{C0707212-389D-3DEE-A0D6-94E56E153FCB}.Debug|x64.Build.0 = Debug|x64
		{C0707212-389D-3DEE-A0D6-94E56E153FCB}.Release|x64.ActiveCfg = Release|x64
		{C0707212-389D-3DEE-A0D6-94E56E153FCB}.Release|x64.Build.0 = Release|x64
		{C0707212-389D-3DEE-A0D6-94E56E153FCB}.MinSizeRel|x64.ActiveCfg = MinSizeRel|x64
		{C0707212-389D-3DEE-A0D6-94E56E153FCB}.MinSizeRel|x64.Build.0 = MinSizeRel|x64
		{C0707212-389D-3DEE-A0D6-94E56E153FCB}.RelWithDebInfo|x64.ActiveCfg = RelWithDebInfo|x64
		{C0707212-389D-3DEE-A0D6-94E56E153FCB}.RelWithDebInfo|x64.Build.0 = RelWithDebInfo|x64
	EndGlobalSection
	GlobalSection(ExtensibilityGlobals) = postSolution
		SolutionGuid = {1A1791E4-9A3F-3A42-B5B9-FB337C005E2E}
	EndGlobalSection
	GlobalSection(ExtensibilityAddIns) = postSolution
	EndGlobalSection
EndGlobal
