
Microsoft Visual Studio Solution File, Format Version 12.00
# Visual Studio Version 17
VisualStudioVersion = 17.3.32901.215
MinimumVisualStudioVersion = 10.0.40219.1
Project("{8BC9CEB8-8B4A-11D0-8D11-00A0C91BC942}") = "EngineRuntime", "engine\EngineRuntime\EngineRuntime.vcxproj", "{16068C63-D6DE-4B7F-B8F9-B88A4AD8BCBF}"
EndProject
Project("{2150E333-8FDC-42A3-9474-1A3956D46DE8}") = "3rd", "3rd", "{9531F984-21B7-402A-91C1-288A12138C86}"
EndProject
Project("{8BC9CEB8-8B4A-11D0-8D11-00A0C91BC942}") = "Vulkan", "engine\3rd\Vulkan\Vulkan.vcxproj", "{0512ABE4-98FD-4172-8237-122DC87C37C6}"
EndProject
Project("{8BC9CEB8-8B4A-11D0-8D11-00A0C91BC942}") = "spdlog", "engine\3rd\spdlog\spdlog.vcxproj", "{62034BDF-AC53-372E-9976-51CF8670B66E}"
EndProject
Project("{8BC9CEB8-8B4A-11D0-8D11-00A0C91BC942}") = "EngineEditor", "engine\EngineEditor\EngineEditor.vcxproj", "{BCA5A93C-C43F-4662-AE82-03B54941A1B1}"
EndProject
Project("{8BC9CEB8-8B4A-11D0-8D11-00A0C91BC942}") = "assimp", "engine\3rd\Assimp\code\assimp.vcxproj", "{7CA55B07-712E-3DB7-A539-443EA0FE3395}"
EndProject
Project("{8BC9CEB8-8B4A-11D0-8D11-00A0C91BC942}") = "zlibstatic", "engine\3rd\Assimp\contrib\zlib\zlibstatic.vcxproj", "{C0707212-389D-3DEE-A0D6-94E56E153FCB}"
EndProject
Project("{8BC9CEB8-8B4A-11D0-8D11-00A0C91BC942}") = "ImGUI", "engine\3rd\ImGUI\ImGUI\ImGUI.vcxproj", "{B07649FB-0F85-4C52-9990-7D3648CE84D3}"
EndProject
Project("{8BC9CEB8-8B4A-11D0-8D11-00A0C91BC942}") = "inih", "engine\3rd\inih\inih\inih.vcxproj", "{12DF5DFF-0256-44E1-9E1F-9E0715EBDF01}"
EndProject
Project("{8BC9CEB8-8B4A-11D0-8D11-00A0C91BC942}") = "nvrhi", "engine\3rd\nvrhi\nvrhi.vcxproj", "{97B6622B-5700-3C8A-8733-B25BBE24A5BB}"
EndProject
Project("{8BC9CEB8-8B4A-11D0-8D11-00A0C91BC942}") = "nvrhi_d3d11", "engine\3rd\nvrhi\nvrhi_d3d11.vcxproj", "{929088D3-926B-34C7-A674-FB2ABC3056F5}"
EndProject
Project("{8BC9CEB8-8B4A-11D0-8D11-00A0C91BC942}") = "nvrhi_d3d12", "engine\3rd\nvrhi\nvrhi_d3d12.vcxproj", "{9C0B129C-8BFC-3282-9EBE-4529751F00A9}"
EndProject
Project("{8BC9CEB8-8B4A-11D0-8D11-00A0C91BC942}") = "nvrhi_vk", "engine\3rd\nvrhi\nvrhi_vk.vcxproj", "{A904FB8B-82D5-38A8-BBA9-D69C72287878}"
EndProject
Project("{8BC9CEB8-8B4A-11D0-8D11-00A0C91BC942}") = "glfw", "engine\3rd\GLFW\build\src\glfw.vcxproj", "{A54494D6-55B5-3794-9A76-A395A4D2227C}"
EndProject
Global
	GlobalSection(SolutionConfigurationPlatforms) = preSolution
		Debug|x64 = Debug|x64
		Release|x64 = Release|x64
	EndGlobalSection
	GlobalSection(ProjectConfigurationPlatforms) = postSolution
		{16068C63-D6DE-4B7F-B8F9-B88A4AD8BCBF}.Debug|x64.ActiveCfg = Debug|x64
		{16068C63-D6DE-4B7F-B8F9-B88A4AD8BCBF}.Debug|x64.Build.0 = Debug|x64
		{16068C63-D6DE-4B7F-B8F9-B88A4AD8BCBF}.Release|x64.ActiveCfg = Release|x64
		{16068C63-D6DE-4B7F-B8F9-B88A4AD8BCBF}.Release|x64.Build.0 = Release|x64
		{0512ABE4-98FD-4172-8237-122DC87C37C6}.Debug|x64.ActiveCfg = Debug|x64
		{0512ABE4-98FD-4172-8237-122DC87C37C6}.Debug|x64.Build.0 = Debug|x64
		{0512ABE4-98FD-4172-8237-122DC87C37C6}.Release|x64.ActiveCfg = Release|x64
		{0512ABE4-98FD-4172-8237-122DC87C37C6}.Release|x64.Build.0 = Release|x64
		{62034BDF-AC53-372E-9976-51CF8670B66E}.Debug|x64.ActiveCfg = Release|x64
		{62034BDF-AC53-372E-9976-51CF8670B66E}.Debug|x64.Build.0 = Release|x64
		{62034BDF-AC53-372E-9976-51CF8670B66E}.Release|x64.ActiveCfg = Release|x64
		{62034BDF-AC53-372E-9976-51CF8670B66E}.Release|x64.Build.0 = Release|x64
		{BCA5A93C-C43F-4662-AE82-03B54941A1B1}.Debug|x64.ActiveCfg = Debug|x64
		{BCA5A93C-C43F-4662-AE82-03B54941A1B1}.Debug|x64.Build.0 = Debug|x64
		{BCA5A93C-C43F-4662-AE82-03B54941A1B1}.Release|x64.ActiveCfg = Release|x64
		{BCA5A93C-C43F-4662-AE82-03B54941A1B1}.Release|x64.Build.0 = Release|x64
		{7CA55B07-712E-3DB7-A539-443EA0FE3395}.Debug|x64.ActiveCfg = Release|x64
		{7CA55B07-712E-3DB7-A539-443EA0FE3395}.Debug|x64.Build.0 = Release|x64
		{7CA55B07-712E-3DB7-A539-443EA0FE3395}.Release|x64.ActiveCfg = Release|x64
		{7CA55B07-712E-3DB7-A539-443EA0FE3395}.Release|x64.Build.0 = Release|x64
		{C0707212-389D-3DEE-A0D6-94E56E153FCB}.Debug|x64.ActiveCfg = Release|x64
		{C0707212-389D-3DEE-A0D6-94E56E153FCB}.Debug|x64.Build.0 = Release|x64
		{C0707212-389D-3DEE-A0D6-94E56E153FCB}.Release|x64.ActiveCfg = Release|x64
		{C0707212-389D-3DEE-A0D6-94E56E153FCB}.Release|x64.Build.0 = Release|x64
		{B07649FB-0F85-4C52-9990-7D3648CE84D3}.Debug|x64.ActiveCfg = Debug|x64
		{B07649FB-0F85-4C52-9990-7D3648CE84D3}.Debug|x64.Build.0 = Debug|x64
		{B07649FB-0F85-4C52-9990-7D3648CE84D3}.Release|x64.ActiveCfg = Release|x64
		{B07649FB-0F85-4C52-9990-7D3648CE84D3}.Release|x64.Build.0 = Release|x64
		{12DF5DFF-0256-44E1-9E1F-9E0715EBDF01}.Debug|x64.ActiveCfg = Debug|x64
		{12DF5DFF-0256-44E1-9E1F-9E0715EBDF01}.Debug|x64.Build.0 = Debug|x64
		{12DF5DFF-0256-44E1-9E1F-9E0715EBDF01}.Release|x64.ActiveCfg = Release|x64
		{12DF5DFF-0256-44E1-9E1F-9E0715EBDF01}.Release|x64.Build.0 = Release|x64
		{97B6622B-5700-3C8A-8733-B25BBE24A5BB}.Debug|x64.ActiveCfg = Debug|x64
		{97B6622B-5700-3C8A-8733-B25BBE24A5BB}.Debug|x64.Build.0 = Debug|x64
		{97B6622B-5700-3C8A-8733-B25BBE24A5BB}.Release|x64.ActiveCfg = Release|x64
		{97B6622B-5700-3C8A-8733-B25BBE24A5BB}.Release|x64.Build.0 = Release|x64
		{929088D3-926B-34C7-A674-FB2ABC3056F5}.Debug|x64.ActiveCfg = Debug|x64
		{929088D3-926B-34C7-A674-FB2ABC3056F5}.Debug|x64.Build.0 = Debug|x64
		{929088D3-926B-34C7-A674-FB2ABC3056F5}.Release|x64.ActiveCfg = Release|x64
		{929088D3-926B-34C7-A674-FB2ABC3056F5}.Release|x64.Build.0 = Release|x64
		{9C0B129C-8BFC-3282-9EBE-4529751F00A9}.Debug|x64.ActiveCfg = Debug|x64
		{9C0B129C-8BFC-3282-9EBE-4529751F00A9}.Debug|x64.Build.0 = Debug|x64
		{9C0B129C-8BFC-3282-9EBE-4529751F00A9}.Release|x64.ActiveCfg = Release|x64
		{9C0B129C-8BFC-3282-9EBE-4529751F00A9}.Release|x64.Build.0 = Release|x64
		{A904FB8B-82D5-38A8-BBA9-D69C72287878}.Debug|x64.ActiveCfg = Debug|x64
		{A904FB8B-82D5-38A8-BBA9-D69C72287878}.Debug|x64.Build.0 = Debug|x64
		{A904FB8B-82D5-38A8-BBA9-D69C72287878}.Release|x64.ActiveCfg = Release|x64
		{A904FB8B-82D5-38A8-BBA9-D69C72287878}.Release|x64.Build.0 = Release|x64
		{A54494D6-55B5-3794-9A76-A395A4D2227C}.Debug|x64.ActiveCfg = Release|x64
		{A54494D6-55B5-3794-9A76-A395A4D2227C}.Debug|x64.Build.0 = Release|x64
		{A54494D6-55B5-3794-9A76-A395A4D2227C}.Release|x64.ActiveCfg = Release|x64
		{A54494D6-55B5-3794-9A76-A395A4D2227C}.Release|x64.Build.0 = Release|x64
	EndGlobalSection
	GlobalSection(SolutionProperties) = preSolution
		HideSolutionNode = FALSE
	EndGlobalSection
	GlobalSection(NestedProjects) = preSolution
		{0512ABE4-98FD-4172-8237-122DC87C37C6} = {9531F984-21B7-402A-91C1-288A12138C86}
		{62034BDF-AC53-372E-9976-51CF8670B66E} = {9531F984-21B7-402A-91C1-288A12138C86}
		{7CA55B07-712E-3DB7-A539-443EA0FE3395} = {9531F984-21B7-402A-91C1-288A12138C86}
		{C0707212-389D-3DEE-A0D6-94E56E153FCB} = {9531F984-21B7-402A-91C1-288A12138C86}
		{B07649FB-0F85-4C52-9990-7D3648CE84D3} = {9531F984-21B7-402A-91C1-288A12138C86}
		{12DF5DFF-0256-44E1-9E1F-9E0715EBDF01} = {9531F984-21B7-402A-91C1-288A12138C86}
		{97B6622B-5700-3C8A-8733-B25BBE24A5BB} = {9531F984-21B7-402A-91C1-288A12138C86}
		{929088D3-926B-34C7-A674-FB2ABC3056F5} = {9531F984-21B7-402A-91C1-288A12138C86}
		{9C0B129C-8BFC-3282-9EBE-4529751F00A9} = {9531F984-21B7-402A-91C1-288A12138C86}
		{A904FB8B-82D5-38A8-BBA9-D69C72287878} = {9531F984-21B7-402A-91C1-288A12138C86}
		{A54494D6-55B5-3794-9A76-A395A4D2227C} = {9531F984-21B7-402A-91C1-288A12138C86}
	EndGlobalSection
	GlobalSection(ExtensibilityGlobals) = postSolution
		SolutionGuid = {6C19BED6-7AEA-4E92-B970-21E3C7CBFA17}
	EndGlobalSection
EndGlobal
