<?xml version="1.0" encoding="utf-8"?>
<Project ToolsVersion="17.0" xmlns="http://schemas.microsoft.com/developer/msbuild/2003">
  <ItemGroup>
    <CustomBuild Include="D:\dev\Engine\engine\3rd\Assimp\CMakeFiles\48109bf9d5114cbac2d8c41388a60a3c\INSTALL_force.rule">
      <Filter>CMake Rules</Filter>
    </CustomBuild>
  </ItemGroup>
  <ItemGroup>
    <Filter Include="CMake Rules">
      <UniqueIdentifier>{D104DA92-FE80-3965-8D7E-AC0E0DE7D8EA}</UniqueIdentifier>
    </Filter>
  </ItemGroup>
</Project>
