<?xml version="1.0" encoding="utf-8"?>
<Project ToolsVersion="17.0" xmlns="http://schemas.microsoft.com/developer/msbuild/2003">
  <ItemGroup>
    <ClCompile Include="D:\dev\Engine\engine\3rd\Assimp\test\unit\CCompilerTest.c">
      <Filter>UnitTests\Compiler</Filter>
    </ClCompile>
    <ClCompile Include="D:\dev\Engine\engine\3rd\Assimp\test\unit\Main.cpp">
      <Filter>Source Files</Filter>
    </ClCompile>
    <ClCompile Include="D:\dev\Engine\engine\3rd\Assimp\code\Common\Version.cpp">
      <Filter>Source Files</Filter>
    </ClCompile>
    <ClCompile Include="D:\dev\Engine\engine\3rd\Assimp\code\Common\Base64.cpp">
      <Filter>Source Files</Filter>
    </ClCompile>
    <ClCompile Include="D:\dev\Engine\engine\3rd\Assimp\test\unit\utSimd.cpp">
      <Filter>UnitTests\Common</Filter>
    </ClCompile>
    <ClCompile Include="D:\dev\Engine\engine\3rd\Assimp\test\unit\utIOSystem.cpp">
      <Filter>UnitTests\Common</Filter>
    </ClCompile>
    <ClCompile Include="D:\dev\Engine\engine\3rd\Assimp\test\unit\utIOStreamBuffer.cpp">
      <Filter>UnitTests\Common</Filter>
    </ClCompile>
    <ClCompile Include="D:\dev\Engine\engine\3rd\Assimp\test\unit\utIssues.cpp">
      <Filter>UnitTests\Common</Filter>
    </ClCompile>
    <ClCompile Include="D:\dev\Engine\engine\3rd\Assimp\test\unit\utAnim.cpp">
      <Filter>UnitTests\Common</Filter>
    </ClCompile>
    <ClCompile Include="D:\dev\Engine\engine\3rd\Assimp\test\unit\AssimpAPITest.cpp">
      <Filter>UnitTests\Common</Filter>
    </ClCompile>
    <ClCompile Include="D:\dev\Engine\engine\3rd\Assimp\test\unit\AssimpAPITest_aiMatrix3x3.cpp">
      <Filter>UnitTests\Common</Filter>
    </ClCompile>
    <ClCompile Include="D:\dev\Engine\engine\3rd\Assimp\test\unit\AssimpAPITest_aiMatrix4x4.cpp">
      <Filter>UnitTests\Common</Filter>
    </ClCompile>
    <ClCompile Include="D:\dev\Engine\engine\3rd\Assimp\test\unit\AssimpAPITest_aiQuaternion.cpp">
      <Filter>UnitTests\Common</Filter>
    </ClCompile>
    <ClCompile Include="D:\dev\Engine\engine\3rd\Assimp\test\unit\AssimpAPITest_aiVector2D.cpp">
      <Filter>UnitTests\Common</Filter>
    </ClCompile>
    <ClCompile Include="D:\dev\Engine\engine\3rd\Assimp\test\unit\AssimpAPITest_aiVector3D.cpp">
      <Filter>UnitTests\Common</Filter>
    </ClCompile>
    <ClCompile Include="D:\dev\Engine\engine\3rd\Assimp\test\unit\MathTest.cpp">
      <Filter>UnitTests\Common</Filter>
    </ClCompile>
    <ClCompile Include="D:\dev\Engine\engine\3rd\Assimp\test\unit\utBatchLoader.cpp">
      <Filter>UnitTests\Common</Filter>
    </ClCompile>
    <ClCompile Include="D:\dev\Engine\engine\3rd\Assimp\test\unit\utDefaultIOStream.cpp">
      <Filter>UnitTests\Common</Filter>
    </ClCompile>
    <ClCompile Include="D:\dev\Engine\engine\3rd\Assimp\test\unit\utFastAtof.cpp">
      <Filter>UnitTests\Common</Filter>
    </ClCompile>
    <ClCompile Include="D:\dev\Engine\engine\3rd\Assimp\test\unit\utMetadata.cpp">
      <Filter>UnitTests\Common</Filter>
    </ClCompile>
    <ClCompile Include="D:\dev\Engine\engine\3rd\Assimp\test\unit\SceneDiffer.cpp">
      <Filter>UnitTests\Common</Filter>
    </ClCompile>
    <ClCompile Include="D:\dev\Engine\engine\3rd\Assimp\test\unit\AbstractImportExportBase.cpp">
      <Filter>UnitTests\Common</Filter>
    </ClCompile>
    <ClCompile Include="D:\dev\Engine\engine\3rd\Assimp\test\unit\utTypes.cpp">
      <Filter>UnitTests\Common</Filter>
    </ClCompile>
    <ClCompile Include="D:\dev\Engine\engine\3rd\Assimp\test\unit\utVersion.cpp">
      <Filter>UnitTests\Common</Filter>
    </ClCompile>
    <ClCompile Include="D:\dev\Engine\engine\3rd\Assimp\test\unit\utProfiler.cpp">
      <Filter>UnitTests\Common</Filter>
    </ClCompile>
    <ClCompile Include="D:\dev\Engine\engine\3rd\Assimp\test\unit\utSharedPPData.cpp">
      <Filter>UnitTests\Common</Filter>
    </ClCompile>
    <ClCompile Include="D:\dev\Engine\engine\3rd\Assimp\test\unit\utStringUtils.cpp">
      <Filter>UnitTests\Common</Filter>
    </ClCompile>
    <ClCompile Include="D:\dev\Engine\engine\3rd\Assimp\test\unit\Common\utMaybe.cpp">
      <Filter>UnitTests\Common</Filter>
    </ClCompile>
    <ClCompile Include="D:\dev\Engine\engine\3rd\Assimp\test\unit\Common\utMesh.cpp">
      <Filter>UnitTests\Common</Filter>
    </ClCompile>
    <ClCompile Include="D:\dev\Engine\engine\3rd\Assimp\test\unit\Common\utStandardShapes.cpp">
      <Filter>UnitTests\Common</Filter>
    </ClCompile>
    <ClCompile Include="D:\dev\Engine\engine\3rd\Assimp\test\unit\Common\uiScene.cpp">
      <Filter>UnitTests\Common</Filter>
    </ClCompile>
    <ClCompile Include="D:\dev\Engine\engine\3rd\Assimp\test\unit\Common\utLineSplitter.cpp">
      <Filter>UnitTests\Common</Filter>
    </ClCompile>
    <ClCompile Include="D:\dev\Engine\engine\3rd\Assimp\test\unit\Common\utSpatialSort.cpp">
      <Filter>UnitTests\Common</Filter>
    </ClCompile>
    <ClCompile Include="D:\dev\Engine\engine\3rd\Assimp\test\unit\Common\utAssertHandler.cpp">
      <Filter>UnitTests\Common</Filter>
    </ClCompile>
    <ClCompile Include="D:\dev\Engine\engine\3rd\Assimp\test\unit\Common\utXmlParser.cpp">
      <Filter>UnitTests\Common</Filter>
    </ClCompile>
    <ClCompile Include="D:\dev\Engine\engine\3rd\Assimp\test\unit\Common\utBase64.cpp">
      <Filter>UnitTests\Common</Filter>
    </ClCompile>
    <ClCompile Include="D:\dev\Engine\engine\3rd\Assimp\test\unit\Common\utHash.cpp">
      <Filter>UnitTests\Common</Filter>
    </ClCompile>
    <ClCompile Include="D:\dev\Engine\engine\3rd\Assimp\test\unit\Common\utBaseProcess.cpp">
      <Filter>UnitTests\Common</Filter>
    </ClCompile>
    <ClCompile Include="D:\dev\Engine\engine\3rd\Assimp\test\unit\ImportExport\Assxml\utAssxmlImportExport.cpp">
      <Filter>UnitTests\ImportExport</Filter>
    </ClCompile>
    <ClCompile Include="D:\dev\Engine\engine\3rd\Assimp\test\unit\utLWSImportExport.cpp">
      <Filter>UnitTests\ImportExport</Filter>
    </ClCompile>
    <ClCompile Include="D:\dev\Engine\engine\3rd\Assimp\test\unit\utLWOImportExport.cpp">
      <Filter>UnitTests\ImportExport</Filter>
    </ClCompile>
    <ClCompile Include="D:\dev\Engine\engine\3rd\Assimp\test\unit\utSMDImportExport.cpp">
      <Filter>UnitTests\ImportExport</Filter>
    </ClCompile>
    <ClCompile Include="D:\dev\Engine\engine\3rd\Assimp\test\unit\utglTFImportExport.cpp">
      <Filter>UnitTests\ImportExport</Filter>
    </ClCompile>
    <ClCompile Include="D:\dev\Engine\engine\3rd\Assimp\test\unit\utglTF2ImportExport.cpp">
      <Filter>UnitTests\ImportExport</Filter>
    </ClCompile>
    <ClCompile Include="D:\dev\Engine\engine\3rd\Assimp\test\unit\utHMPImportExport.cpp">
      <Filter>UnitTests\ImportExport</Filter>
    </ClCompile>
    <ClCompile Include="D:\dev\Engine\engine\3rd\Assimp\test\unit\utIFCImportExport.cpp">
      <Filter>UnitTests\ImportExport</Filter>
    </ClCompile>
    <ClCompile Include="D:\dev\Engine\engine\3rd\Assimp\test\unit\utFBXImporterExporter.cpp">
      <Filter>UnitTests\ImportExport</Filter>
    </ClCompile>
    <ClCompile Include="D:\dev\Engine\engine\3rd\Assimp\test\unit\utImporter.cpp">
      <Filter>UnitTests\ImportExport</Filter>
    </ClCompile>
    <ClCompile Include="D:\dev\Engine\engine\3rd\Assimp\test\unit\ImportExport\utExporter.cpp">
      <Filter>UnitTests\ImportExport</Filter>
    </ClCompile>
    <ClCompile Include="D:\dev\Engine\engine\3rd\Assimp\test\unit\ut3DImportExport.cpp">
      <Filter>UnitTests\ImportExport</Filter>
    </ClCompile>
    <ClCompile Include="D:\dev\Engine\engine\3rd\Assimp\test\unit\ut3DSImportExport.cpp">
      <Filter>UnitTests\ImportExport</Filter>
    </ClCompile>
    <ClCompile Include="D:\dev\Engine\engine\3rd\Assimp\test\unit\utACImportExport.cpp">
      <Filter>UnitTests\ImportExport</Filter>
    </ClCompile>
    <ClCompile Include="D:\dev\Engine\engine\3rd\Assimp\test\unit\utAMFImportExport.cpp">
      <Filter>UnitTests\ImportExport</Filter>
    </ClCompile>
    <ClCompile Include="D:\dev\Engine\engine\3rd\Assimp\test\unit\utASEImportExport.cpp">
      <Filter>UnitTests\ImportExport</Filter>
    </ClCompile>
    <ClCompile Include="D:\dev\Engine\engine\3rd\Assimp\test\unit\utD3MFImportExport.cpp">
      <Filter>UnitTests\ImportExport</Filter>
    </ClCompile>
    <ClCompile Include="D:\dev\Engine\engine\3rd\Assimp\test\unit\utQ3DImportExport.cpp">
      <Filter>UnitTests\ImportExport</Filter>
    </ClCompile>
    <ClCompile Include="D:\dev\Engine\engine\3rd\Assimp\test\unit\utSTLImportExport.cpp">
      <Filter>UnitTests\ImportExport</Filter>
    </ClCompile>
    <ClCompile Include="D:\dev\Engine\engine\3rd\Assimp\test\unit\utXImporterExporter.cpp">
      <Filter>UnitTests\ImportExport</Filter>
    </ClCompile>
    <ClCompile Include="D:\dev\Engine\engine\3rd\Assimp\test\unit\utX3DImportExport.cpp">
      <Filter>UnitTests\ImportExport</Filter>
    </ClCompile>
    <ClCompile Include="D:\dev\Engine\engine\3rd\Assimp\test\unit\utDXFImporterExporter.cpp">
      <Filter>UnitTests\ImportExport</Filter>
    </ClCompile>
    <ClCompile Include="D:\dev\Engine\engine\3rd\Assimp\test\unit\utPMXImporter.cpp">
      <Filter>UnitTests\ImportExport</Filter>
    </ClCompile>
    <ClCompile Include="D:\dev\Engine\engine\3rd\Assimp\test\unit\utPLYImportExport.cpp">
      <Filter>UnitTests\ImportExport</Filter>
    </ClCompile>
    <ClCompile Include="D:\dev\Engine\engine\3rd\Assimp\test\unit\utObjImportExport.cpp">
      <Filter>UnitTests\ImportExport</Filter>
    </ClCompile>
    <ClCompile Include="D:\dev\Engine\engine\3rd\Assimp\test\unit\utObjTools.cpp">
      <Filter>UnitTests\ImportExport</Filter>
    </ClCompile>
    <ClCompile Include="D:\dev\Engine\engine\3rd\Assimp\test\unit\utOpenGEXImportExport.cpp">
      <Filter>UnitTests\ImportExport</Filter>
    </ClCompile>
    <ClCompile Include="D:\dev\Engine\engine\3rd\Assimp\test\unit\utSIBImporter.cpp">
      <Filter>UnitTests\ImportExport</Filter>
    </ClCompile>
    <ClCompile Include="D:\dev\Engine\engine\3rd\Assimp\test\unit\utBlenderIntermediate.cpp">
      <Filter>UnitTests\ImportExport</Filter>
    </ClCompile>
    <ClCompile Include="D:\dev\Engine\engine\3rd\Assimp\test\unit\utBlendImportAreaLight.cpp">
      <Filter>UnitTests\ImportExport</Filter>
    </ClCompile>
    <ClCompile Include="D:\dev\Engine\engine\3rd\Assimp\test\unit\utBlenderImportExport.cpp">
      <Filter>UnitTests\ImportExport</Filter>
    </ClCompile>
    <ClCompile Include="D:\dev\Engine\engine\3rd\Assimp\test\unit\utBlendImportMaterials.cpp">
      <Filter>UnitTests\ImportExport</Filter>
    </ClCompile>
    <ClCompile Include="D:\dev\Engine\engine\3rd\Assimp\test\unit\utBlenderWork.cpp">
      <Filter>UnitTests\ImportExport</Filter>
    </ClCompile>
    <ClCompile Include="D:\dev\Engine\engine\3rd\Assimp\test\unit\utBVHImportExport.cpp">
      <Filter>UnitTests\ImportExport</Filter>
    </ClCompile>
    <ClCompile Include="D:\dev\Engine\engine\3rd\Assimp\test\unit\utColladaExport.cpp">
      <Filter>UnitTests\ImportExport</Filter>
    </ClCompile>
    <ClCompile Include="D:\dev\Engine\engine\3rd\Assimp\test\unit\utColladaImportExport.cpp">
      <Filter>UnitTests\ImportExport</Filter>
    </ClCompile>
    <ClCompile Include="D:\dev\Engine\engine\3rd\Assimp\test\unit\utCSMImportExport.cpp">
      <Filter>UnitTests\ImportExport</Filter>
    </ClCompile>
    <ClCompile Include="D:\dev\Engine\engine\3rd\Assimp\test\unit\utB3DImportExport.cpp">
      <Filter>UnitTests\ImportExport</Filter>
    </ClCompile>
    <ClCompile Include="D:\dev\Engine\engine\3rd\Assimp\test\unit\utMDCImportExport.cpp">
      <Filter>UnitTests\ImportExport</Filter>
    </ClCompile>
    <ClCompile Include="D:\dev\Engine\engine\3rd\Assimp\test\unit\utAssbinImportExport.cpp">
      <Filter>UnitTests\ImportExport</Filter>
    </ClCompile>
    <ClCompile Include="D:\dev\Engine\engine\3rd\Assimp\test\unit\ImportExport\utAssjsonImportExport.cpp">
      <Filter>UnitTests\ImportExport</Filter>
    </ClCompile>
    <ClCompile Include="D:\dev\Engine\engine\3rd\Assimp\test\unit\ImportExport\utCOBImportExport.cpp">
      <Filter>UnitTests\ImportExport</Filter>
    </ClCompile>
    <ClCompile Include="D:\dev\Engine\engine\3rd\Assimp\test\unit\ImportExport\utOgreImportExport.cpp">
      <Filter>UnitTests\ImportExport</Filter>
    </ClCompile>
    <ClCompile Include="D:\dev\Engine\engine\3rd\Assimp\test\unit\ImportExport\utQ3BSPFileImportExport.cpp">
      <Filter>UnitTests\ImportExport</Filter>
    </ClCompile>
    <ClCompile Include="D:\dev\Engine\engine\3rd\Assimp\test\unit\ImportExport\utOFFImportExport.cpp">
      <Filter>UnitTests\ImportExport</Filter>
    </ClCompile>
    <ClCompile Include="D:\dev\Engine\engine\3rd\Assimp\test\unit\ImportExport\utNFFImportExport.cpp">
      <Filter>UnitTests\ImportExport</Filter>
    </ClCompile>
    <ClCompile Include="D:\dev\Engine\engine\3rd\Assimp\test\unit\ImportExport\utXGLImportExport.cpp">
      <Filter>UnitTests\ImportExport</Filter>
    </ClCompile>
    <ClCompile Include="D:\dev\Engine\engine\3rd\Assimp\test\unit\ImportExport\utMD2Importer.cpp">
      <Filter>UnitTests\ImportExport</Filter>
    </ClCompile>
    <ClCompile Include="D:\dev\Engine\engine\3rd\Assimp\test\unit\ImportExport\utMD5Importer.cpp">
      <Filter>UnitTests\ImportExport</Filter>
    </ClCompile>
    <ClCompile Include="D:\dev\Engine\engine\3rd\Assimp\test\unit\ImportExport\utMDLImporter.cpp">
      <Filter>UnitTests\ImportExport</Filter>
    </ClCompile>
    <ClCompile Include="D:\dev\Engine\engine\3rd\Assimp\test\unit\ImportExport\MDL\utMDLImporter_HL1_ImportSettings.cpp">
      <Filter>UnitTests\ImportExport</Filter>
    </ClCompile>
    <ClCompile Include="D:\dev\Engine\engine\3rd\Assimp\test\unit\ImportExport\MDL\utMDLImporter_HL1_Materials.cpp">
      <Filter>UnitTests\ImportExport</Filter>
    </ClCompile>
    <ClCompile Include="D:\dev\Engine\engine\3rd\Assimp\test\unit\ImportExport\MDL\utMDLImporter_HL1_Nodes.cpp">
      <Filter>UnitTests\ImportExport</Filter>
    </ClCompile>
    <ClCompile Include="D:\dev\Engine\engine\3rd\Assimp\test\unit\ImportExport\RAW\utRAWImportExport.cpp">
      <Filter>UnitTests\ImportExport</Filter>
    </ClCompile>
    <ClCompile Include="D:\dev\Engine\engine\3rd\Assimp\test\unit\ImportExport\Terragen\utTerragenImportExport.cpp">
      <Filter>UnitTests\ImportExport</Filter>
    </ClCompile>
    <ClCompile Include="D:\dev\Engine\engine\3rd\Assimp\test\unit\utMaterialSystem.cpp">
      <Filter>UnitTests\Material</Filter>
    </ClCompile>
    <ClCompile Include="D:\dev\Engine\engine\3rd\Assimp\test\unit\utMatrix3x3.cpp">
      <Filter>UnitTests\Math</Filter>
    </ClCompile>
    <ClCompile Include="D:\dev\Engine\engine\3rd\Assimp\test\unit\utMatrix4x4.cpp">
      <Filter>UnitTests\Math</Filter>
    </ClCompile>
    <ClCompile Include="D:\dev\Engine\engine\3rd\Assimp\test\unit\utVector3.cpp">
      <Filter>UnitTests\Math</Filter>
    </ClCompile>
    <ClCompile Include="D:\dev\Engine\engine\3rd\Assimp\test\unit\utImproveCacheLocality.cpp">
      <Filter>UnitTests\PostProcess</Filter>
    </ClCompile>
    <ClCompile Include="D:\dev\Engine\engine\3rd\Assimp\test\unit\utFixInfacingNormals.cpp">
      <Filter>UnitTests\PostProcess</Filter>
    </ClCompile>
    <ClCompile Include="D:\dev\Engine\engine\3rd\Assimp\test\unit\utGenNormals.cpp">
      <Filter>UnitTests\PostProcess</Filter>
    </ClCompile>
    <ClCompile Include="D:\dev\Engine\engine\3rd\Assimp\test\unit\utTriangulate.cpp">
      <Filter>UnitTests\PostProcess</Filter>
    </ClCompile>
    <ClCompile Include="D:\dev\Engine\engine\3rd\Assimp\test\unit\utTextureTransform.cpp">
      <Filter>UnitTests\PostProcess</Filter>
    </ClCompile>
    <ClCompile Include="D:\dev\Engine\engine\3rd\Assimp\test\unit\utRemoveRedundantMaterials.cpp">
      <Filter>UnitTests\PostProcess</Filter>
    </ClCompile>
    <ClCompile Include="D:\dev\Engine\engine\3rd\Assimp\test\unit\utRemoveVCProcess.cpp">
      <Filter>UnitTests\PostProcess</Filter>
    </ClCompile>
    <ClCompile Include="D:\dev\Engine\engine\3rd\Assimp\test\unit\utScaleProcess.cpp">
      <Filter>UnitTests\PostProcess</Filter>
    </ClCompile>
    <ClCompile Include="D:\dev\Engine\engine\3rd\Assimp\test\unit\utArmaturePopulate.cpp">
      <Filter>UnitTests\PostProcess</Filter>
    </ClCompile>
    <ClCompile Include="D:\dev\Engine\engine\3rd\Assimp\test\unit\utJoinVertices.cpp">
      <Filter>UnitTests\PostProcess</Filter>
    </ClCompile>
    <ClCompile Include="D:\dev\Engine\engine\3rd\Assimp\test\unit\utRemoveComments.cpp">
      <Filter>UnitTests\PostProcess</Filter>
    </ClCompile>
    <ClCompile Include="D:\dev\Engine\engine\3rd\Assimp\test\unit\utRemoveComponent.cpp">
      <Filter>UnitTests\PostProcess</Filter>
    </ClCompile>
    <ClCompile Include="D:\dev\Engine\engine\3rd\Assimp\test\unit\utVertexTriangleAdjacency.cpp">
      <Filter>UnitTests\PostProcess</Filter>
    </ClCompile>
    <ClCompile Include="D:\dev\Engine\engine\3rd\Assimp\test\unit\utSplitLargeMeshes.cpp">
      <Filter>UnitTests\PostProcess</Filter>
    </ClCompile>
    <ClCompile Include="D:\dev\Engine\engine\3rd\Assimp\test\unit\utFindDegenerates.cpp">
      <Filter>UnitTests\PostProcess</Filter>
    </ClCompile>
    <ClCompile Include="D:\dev\Engine\engine\3rd\Assimp\test\unit\utFindInvalidData.cpp">
      <Filter>UnitTests\PostProcess</Filter>
    </ClCompile>
    <ClCompile Include="D:\dev\Engine\engine\3rd\Assimp\test\unit\utLimitBoneWeights.cpp">
      <Filter>UnitTests\PostProcess</Filter>
    </ClCompile>
    <ClCompile Include="D:\dev\Engine\engine\3rd\Assimp\test\unit\utPretransformVertices.cpp">
      <Filter>UnitTests\PostProcess</Filter>
    </ClCompile>
    <ClCompile Include="D:\dev\Engine\engine\3rd\Assimp\test\unit\utScenePreprocessor.cpp">
      <Filter>UnitTests\PostProcess</Filter>
    </ClCompile>
    <ClCompile Include="D:\dev\Engine\engine\3rd\Assimp\test\unit\utTargetAnimation.cpp">
      <Filter>UnitTests\PostProcess</Filter>
    </ClCompile>
    <ClCompile Include="D:\dev\Engine\engine\3rd\Assimp\test\unit\utSortByPType.cpp">
      <Filter>UnitTests\PostProcess</Filter>
    </ClCompile>
    <ClCompile Include="D:\dev\Engine\engine\3rd\Assimp\test\unit\utSceneCombiner.cpp">
      <Filter>UnitTests\PostProcess</Filter>
    </ClCompile>
    <ClCompile Include="D:\dev\Engine\engine\3rd\Assimp\test\unit\utGenBoundingBoxesProcess.cpp">
      <Filter>UnitTests\PostProcess</Filter>
    </ClCompile>
    <ClCompile Include="D:\dev\Engine\engine\3rd\Assimp\contrib\gtest\src\gtest-all.cc">
      <Filter>Source Files</Filter>
    </ClCompile>
  </ItemGroup>
  <ItemGroup>
    <ClInclude Include="D:\dev\Engine\engine\3rd\Assimp\test\unit\MathTest.h">
      <Filter>UnitTests\Common</Filter>
    </ClInclude>
    <ClInclude Include="D:\dev\Engine\engine\3rd\Assimp\test\unit\RandomNumberGeneration.h">
      <Filter>UnitTests\Common</Filter>
    </ClInclude>
    <ClInclude Include="D:\dev\Engine\engine\3rd\Assimp\test\unit\SceneDiffer.h">
      <Filter>UnitTests\Common</Filter>
    </ClInclude>
    <ClInclude Include="D:\dev\Engine\engine\3rd\Assimp\test\unit\UTLogStream.h">
      <Filter>UnitTests\Common</Filter>
    </ClInclude>
    <ClInclude Include="D:\dev\Engine\engine\3rd\Assimp\test\unit\TestIOSystem.h">
      <Filter>UnitTests\Common</Filter>
    </ClInclude>
    <ClInclude Include="D:\dev\Engine\engine\3rd\Assimp\test\unit\TestModelFactory.h">
      <Filter>UnitTests\Common</Filter>
    </ClInclude>
    <ClInclude Include="D:\dev\Engine\engine\3rd\Assimp\test\unit\ImportExport\MDL\MDLHL1TestFiles.h">
      <Filter>UnitTests\ImportExport</Filter>
    </ClInclude>
  </ItemGroup>
  <ItemGroup>
    <CustomBuild Include="D:\dev\Engine\engine\3rd\Assimp\test\CMakeLists.txt" />
  </ItemGroup>
  <ItemGroup>
    <Filter Include="Source Files">
      <UniqueIdentifier>{BB2AC20B-3602-3B87-9435-89D157790E00}</UniqueIdentifier>
    </Filter>
    <Filter Include="UnitTests">
      <UniqueIdentifier>{0B5AAD77-E9A3-3F92-8F13-ECB276CBB54A}</UniqueIdentifier>
    </Filter>
    <Filter Include="UnitTests\Common">
      <UniqueIdentifier>{80CE41E2-FD49-345C-9DAF-5BEFE4AEC89F}</UniqueIdentifier>
    </Filter>
    <Filter Include="UnitTests\Compiler">
      <UniqueIdentifier>{2FA9A316-CB18-3917-B8CA-0F4BCDDAB142}</UniqueIdentifier>
    </Filter>
    <Filter Include="UnitTests\ImportExport">
      <UniqueIdentifier>{2B05D4A9-888E-3178-9649-FECD49379D51}</UniqueIdentifier>
    </Filter>
    <Filter Include="UnitTests\Material">
      <UniqueIdentifier>{607EF0CE-8E93-30A4-9634-B32B514B7111}</UniqueIdentifier>
    </Filter>
    <Filter Include="UnitTests\Math">
      <UniqueIdentifier>{1600938B-D739-3CB2-A95E-1A4F8A5525F2}</UniqueIdentifier>
    </Filter>
    <Filter Include="UnitTests\PostProcess">
      <UniqueIdentifier>{F9B96DE1-E904-32CF-AF53-3F624D6DDDBF}</UniqueIdentifier>
    </Filter>
  </ItemGroup>
</Project>
