<?xml version="1.0" encoding="utf-8"?>
<Project ToolsVersion="17.0" xmlns="http://schemas.microsoft.com/developer/msbuild/2003">
  <ItemGroup>
    <ClCompile Include="D:\dev\Engine\engine\3rd\nvrhi\src\vulkan\vulkan-allocator.cpp">
      <Filter>Source Files</Filter>
    </ClCompile>
    <ClCompile Include="D:\dev\Engine\engine\3rd\nvrhi\src\vulkan\vulkan-buffer.cpp">
      <Filter>Source Files</Filter>
    </ClCompile>
    <ClCompile Include="D:\dev\Engine\engine\3rd\nvrhi\src\vulkan\vulkan-commandlist.cpp">
      <Filter>Source Files</Filter>
    </ClCompile>
    <ClCompile Include="D:\dev\Engine\engine\3rd\nvrhi\src\vulkan\vulkan-compute.cpp">
      <Filter>Source Files</Filter>
    </ClCompile>
    <ClCompile Include="D:\dev\Engine\engine\3rd\nvrhi\src\vulkan\vulkan-constants.cpp">
      <Filter>Source Files</Filter>
    </ClCompile>
    <ClCompile Include="D:\dev\Engine\engine\3rd\nvrhi\src\vulkan\vulkan-device.cpp">
      <Filter>Source Files</Filter>
    </ClCompile>
    <ClCompile Include="D:\dev\Engine\engine\3rd\nvrhi\src\vulkan\vulkan-graphics.cpp">
      <Filter>Source Files</Filter>
    </ClCompile>
    <ClCompile Include="D:\dev\Engine\engine\3rd\nvrhi\src\vulkan\vulkan-meshlets.cpp">
      <Filter>Source Files</Filter>
    </ClCompile>
    <ClCompile Include="D:\dev\Engine\engine\3rd\nvrhi\src\vulkan\vulkan-queries.cpp">
      <Filter>Source Files</Filter>
    </ClCompile>
    <ClCompile Include="D:\dev\Engine\engine\3rd\nvrhi\src\vulkan\vulkan-queue.cpp">
      <Filter>Source Files</Filter>
    </ClCompile>
    <ClCompile Include="D:\dev\Engine\engine\3rd\nvrhi\src\vulkan\vulkan-raytracing.cpp">
      <Filter>Source Files</Filter>
    </ClCompile>
    <ClCompile Include="D:\dev\Engine\engine\3rd\nvrhi\src\vulkan\vulkan-resource-bindings.cpp">
      <Filter>Source Files</Filter>
    </ClCompile>
    <ClCompile Include="D:\dev\Engine\engine\3rd\nvrhi\src\vulkan\vulkan-shader.cpp">
      <Filter>Source Files</Filter>
    </ClCompile>
    <ClCompile Include="D:\dev\Engine\engine\3rd\nvrhi\src\vulkan\vulkan-staging-texture.cpp">
      <Filter>Source Files</Filter>
    </ClCompile>
    <ClCompile Include="D:\dev\Engine\engine\3rd\nvrhi\src\vulkan\vulkan-state-tracking.cpp">
      <Filter>Source Files</Filter>
    </ClCompile>
    <ClCompile Include="D:\dev\Engine\engine\3rd\nvrhi\src\vulkan\vulkan-texture.cpp">
      <Filter>Source Files</Filter>
    </ClCompile>
    <ClCompile Include="D:\dev\Engine\engine\3rd\nvrhi\src\vulkan\vulkan-upload.cpp">
      <Filter>Source Files</Filter>
    </ClCompile>
  </ItemGroup>
  <ItemGroup>
    <ClInclude Include="D:\dev\Engine\engine\3rd\nvrhi\include\nvrhi\vulkan.h">
      <Filter>Header Files</Filter>
    </ClInclude>
    <ClInclude Include="D:\dev\Engine\engine\3rd\nvrhi\src\common\versioning.h">
      <Filter>Header Files</Filter>
    </ClInclude>
    <ClInclude Include="D:\dev\Engine\engine\3rd\nvrhi\src\vulkan\vulkan-backend.h">
      <Filter>Header Files</Filter>
    </ClInclude>
  </ItemGroup>
  <ItemGroup>
    <CustomBuild Include="D:\dev\Engine\engine\3rd\nvrhi\CMakeLists.txt" />
  </ItemGroup>
  <ItemGroup>
    <Filter Include="Header Files">
      <UniqueIdentifier>{0C6E346F-17A2-3DC9-9210-43F3BB057AB4}</UniqueIdentifier>
    </Filter>
    <Filter Include="Source Files">
      <UniqueIdentifier>{3BDC7A07-CE8C-348E-94A3-6334189B87BF}</UniqueIdentifier>
    </Filter>
  </ItemGroup>
</Project>
