<?xml version="1.0" encoding="utf-8"?>
<Project ToolsVersion="4.0" xmlns="http://schemas.microsoft.com/developer/msbuild/2003">
  <ItemGroup>
    <Filter Include="源文件">
      <UniqueIdentifier>{4FC737F1-C7A5-4376-A066-2A32D752A2FF}</UniqueIdentifier>
      <Extensions>cpp;c;cc;cxx;c++;cppm;ixx;def;odl;idl;hpj;bat;asm;asmx</Extensions>
    </Filter>
    <Filter Include="头文件">
      <UniqueIdentifier>{93995380-89BD-4b04-88EB-625FBE52EBFB}</UniqueIdentifier>
      <Extensions>h;hh;hpp;hxx;h++;hm;inl;inc;ipp;xsd</Extensions>
    </Filter>
    <Filter Include="资源文件">
      <UniqueIdentifier>{67DA6AB6-F800-4c08-8B7A-83BB121AAD01}</UniqueIdentifier>
      <Extensions>rc;ico;cur;bmp;dlg;rc2;rct;bin;rgs;gif;jpg;jpeg;jpe;resx;tiff;tif;png;wav;mfcribbon-ms</Extensions>
    </Filter>
  </ItemGroup>
  <ItemGroup>
    <ClInclude Include="include\core\Math\Vector2.h">
      <Filter>头文件</Filter>
    </ClInclude>
    <ClInclude Include="include\core\Log\LogSystem.h">
      <Filter>头文件</Filter>
    </ClInclude>
    <ClInclude Include="include\core\Base\macro.h">
      <Filter>头文件</Filter>
    </ClInclude>
    <ClInclude Include="include\Framework\Interface\IRuntimeModule.h">
      <Filter>头文件</Filter>
    </ClInclude>
    <ClInclude Include="include\EngineRuntime.h">
      <Filter>头文件</Filter>
    </ClInclude>
    <ClInclude Include="include\Function\Window\WindowSystem.h">
      <Filter>头文件</Filter>
    </ClInclude>
    <ClInclude Include="include\Function\Window\WindowUI.h">
      <Filter>头文件</Filter>
    </ClInclude>
    <ClInclude Include="include\core\Alloter\MemoryPool.h">
      <Filter>头文件</Filter>
    </ClInclude>
    <ClInclude Include="include\core\STL\Array.h">
      <Filter>头文件</Filter>
    </ClInclude>
    <ClInclude Include="include\core\STL\Map.h">
      <Filter>头文件</Filter>
    </ClInclude>
    <ClInclude Include="include\core\STL\Set.h">
      <Filter>头文件</Filter>
    </ClInclude>
    <ClInclude Include="include\Platform\CharSet.h">
      <Filter>头文件</Filter>
    </ClInclude>
    <ClInclude Include="include\Function\Render\RHI.h">
      <Filter>头文件</Filter>
    </ClInclude>
    <ClInclude Include="include\core\Math\Math.h">
      <Filter>头文件</Filter>
    </ClInclude>
    <ClInclude Include="include\core\Math\Vector3.h">
      <Filter>头文件</Filter>
    </ClInclude>
    <ClInclude Include="include\core\Math\Vector4.h">
      <Filter>头文件</Filter>
    </ClInclude>
    <ClInclude Include="include\core\Math\Quaternion.h">
      <Filter>头文件</Filter>
    </ClInclude>
    <ClInclude Include="include\core\Math\Transform.h">
      <Filter>头文件</Filter>
    </ClInclude>
    <ClInclude Include="include\core\Math\Matrix3x3.h">
      <Filter>头文件</Filter>
    </ClInclude>
    <ClInclude Include="include\core\Math\Matrix4x4.h">
      <Filter>头文件</Filter>
    </ClInclude>
    <ClInclude Include="include\core\Math\Angle.h">
      <Filter>头文件</Filter>
    </ClInclude>
    <ClInclude Include="include\Core\Math\Color.h">
      <Filter>头文件</Filter>
    </ClInclude>
    <ClInclude Include="include\Platform\FileSystem\FileSystem.h">
      <Filter>头文件</Filter>
    </ClInclude>
    <ClInclude Include="include\Framework\Interface\ISingleton.h">
      <Filter>头文件</Filter>
    </ClInclude>
    <ClInclude Include="include\Function\Render\RenderSystem.h">
      <Filter>头文件</Filter>
    </ClInclude>
    <ClInclude Include="include\Function\Render\DeviceManager.h">
      <Filter>头文件</Filter>
    </ClInclude>
    <ClInclude Include="include\Resource\ConfigManager\ConfigManager.h">
      <Filter>头文件</Filter>
    </ClInclude>
    <ClInclude Include="include\Function\Render\RenderResourceBase.h">
      <Filter>头文件</Filter>
    </ClInclude>
    <ClInclude Include="include\Function\Render\RenderResource.h">
      <Filter>头文件</Filter>
    </ClInclude>
    <ClInclude Include="include\Function\Render\RenderCamera.h">
      <Filter>头文件</Filter>
    </ClInclude>
    <ClInclude Include="include\Function\Render\RenderPass.h">
      <Filter>头文件</Filter>
    </ClInclude>
    <ClInclude Include="include\Function\Render\DirectX\D3D12DeviceManager.h">
      <Filter>头文件</Filter>
    </ClInclude>
  </ItemGroup>
  <ItemGroup>
    <ClCompile Include="src\core\Math\Vector2.cpp">
      <Filter>源文件</Filter>
    </ClCompile>
    <ClCompile Include="src\core\Log\LogSystem.cpp">
      <Filter>源文件</Filter>
    </ClCompile>
    <ClCompile Include="src\EngineRuntime.cpp">
      <Filter>源文件</Filter>
    </ClCompile>
    <ClCompile Include="src\Function\Window\WindowSystem.cpp">
      <Filter>源文件</Filter>
    </ClCompile>
    <ClCompile Include="src\core\Alloter\MemoryPool.cpp">
      <Filter>源文件</Filter>
    </ClCompile>
    <ClCompile Include="src\Platform\CharSet.cpp">
      <Filter>源文件</Filter>
    </ClCompile>
    <ClCompile Include="src\core\Math\Vector3.cpp">
      <Filter>源文件</Filter>
    </ClCompile>
    <ClCompile Include="src\core\Math\Vector4.cpp">
      <Filter>源文件</Filter>
    </ClCompile>
    <ClCompile Include="src\core\Math\Quaternion.cpp">
      <Filter>源文件</Filter>
    </ClCompile>
    <ClCompile Include="src\core\Math\Transform.cpp">
      <Filter>源文件</Filter>
    </ClCompile>
    <ClCompile Include="src\core\Math\Matrix3x3.cpp">
      <Filter>源文件</Filter>
    </ClCompile>
    <ClCompile Include="src\core\Math\Matrix4x4.cpp">
      <Filter>源文件</Filter>
    </ClCompile>
    <ClCompile Include="src\core\Math\Angle.cpp">
      <Filter>源文件</Filter>
    </ClCompile>
    <ClCompile Include="src\Core\Math\Math.cpp">
      <Filter>源文件</Filter>
    </ClCompile>
    <ClCompile Include="src\Platform\FileSystem\FileSystem.cpp">
      <Filter>源文件</Filter>
    </ClCompile>
    <ClCompile Include="src\Function\Render\RenderSystem.cpp">
      <Filter>源文件</Filter>
    </ClCompile>
    <ClCompile Include="src\Function\Render\DeviceManager.cpp">
      <Filter>源文件</Filter>
    </ClCompile>
    <ClCompile Include="src\Resource\ConfigManager\ConfigManager.cpp">
      <Filter>源文件</Filter>
    </ClCompile>
    <ClCompile Include="src\Function\Render\RenderResource.cpp">
      <Filter>源文件</Filter>
    </ClCompile>
    <ClCompile Include="src\Function\Render\RenderCamera.cpp">
      <Filter>源文件</Filter>
    </ClCompile>
    <ClCompile Include="src\Function\Render\DirectX\D3D12DeviceManager.cpp">
      <Filter>源文件</Filter>
    </ClCompile>
  </ItemGroup>
</Project>